
Microsoft Visual Studio Solution File, Format Version 12.00
# Visual Studio Version 17
VisualStudioVersion = 17.4.33205.214
MinimumVisualStudioVersion = 10.0.40219.1
Project("{FAE04EC0-301F-11D3-BF4B-00C04F79EFBC}") = "SortingAlgorithms", "SortingAlgorithms\SortingAlgorithms.csproj", "{CA37490B-76E0-42FB-92A2-376DB97B7BB5}"
EndProject
Project("{2150E333-8FDC-42A3-9474-1A3956D46DE8}") = "Solution Items", "Solution Items", "{A436E749-CEC9-4EA0-A663-8901877F4775}"
	ProjectSection(SolutionItems) = preProject
		ReadMe.txt = ReadMe.txt
	EndProjectSection
EndProject
Global
	GlobalSection(SolutionConfigurationPlatforms) = preSolution
		Debug|Any CPU = Debug|Any CPU
		Release|Any CPU = Release|Any CPU
	EndGlobalSection
	GlobalSection(ProjectConfigurationPlatforms) = postSolution
		{CA37490B-76E0-42FB-92A2-376DB97B7BB5}.Debug|Any CPU.ActiveCfg = Debug|Any CPU
		{CA37490B-76E0-42FB-92A2-376DB97B7BB5}.Debug|Any CPU.Build.0 = Debug|Any CPU
		{CA37490B-76E0-42FB-92A2-376DB97B7BB5}.Release|Any CPU.ActiveCfg = Release|Any CPU
		{CA37490B-76E0-42FB-92A2-376DB97B7BB5}.Release|Any CPU.Build.0 = Release|Any CPU
	EndGlobalSection
	GlobalSection(SolutionProperties) = preSolution
		HideSolutionNode = FALSE
	EndGlobalSection
	GlobalSection(ExtensibilityGlobals) = postSolution
		SolutionGuid = {76F26CFD-8404-4F29-80E4-2D33079AC69D}
	EndGlobalSection
EndGlobal
