
Microsoft Visual Studio Solution File, Format Version 12.00
# Visual Studio Version 17
VisualStudioVersion = 17.4.33205.214
MinimumVisualStudioVersion = 10.0.40219.1
Project("{FAE04EC0-301F-11D3-BF4B-00C04F79EFBC}") = "Trees", "Trees\Trees.csproj", "{C3F521E8-4AA6-4A85-ACF1-3CDF18146120}"
EndProject
Global
	GlobalSection(SolutionConfigurationPlatforms) = preSolution
		Debug|Any CPU = Debug|Any CPU
		Release|Any CPU = Release|Any CPU
	EndGlobalSection
	GlobalSection(ProjectConfigurationPlatforms) = postSolution
		{C3F521E8-4AA6-4A85-ACF1-3CDF18146120}.Debug|Any CPU.ActiveCfg = Debug|Any CPU
		{C3F521E8-4AA6-4A85-ACF1-3CDF18146120}.Debug|Any CPU.Build.0 = Debug|Any CPU
		{C3F521E8-4AA6-4A85-ACF1-3CDF18146120}.Release|Any CPU.ActiveCfg = Release|Any CPU
		{C3F521E8-4AA6-4A85-ACF1-3CDF18146120}.Release|Any CPU.Build.0 = Release|Any CPU
	EndGlobalSection
	GlobalSection(SolutionProperties) = preSolution
		HideSolutionNode = FALSE
	EndGlobalSection
	GlobalSection(ExtensibilityGlobals) = postSolution
		SolutionGuid = {66E8BF76-223D-459C-853C-1D1BF0CEDC2D}
	EndGlobalSection
EndGlobal
