
Microsoft Visual Studio Solution File, Format Version 12.00
# Visual Studio Version 17
VisualStudioVersion = 17.3.32922.545
MinimumVisualStudioVersion = 10.0.40219.1
Project("{FAE04EC0-301F-11D3-BF4B-00C04F79EFBC}") = "FisherYatesShuffleAssignment", "FisherYatesShuffleAssignment\FisherYatesShuffleAssignment.csproj", "{0ED047DB-C771-45AA-AC5C-4345F13A7CCD}"
EndProject
Project("{9A19103F-16F7-4668-BE54-9A1E7A4F7556}") = "Algorithms", "..\Algorithms\Algorithms.csproj", "{6FD0091E-2EB2-455D-8FAA-36472FBEBAEB}"
EndProject
Global
	GlobalSection(SolutionConfigurationPlatforms) = preSolution
		Debug|Any CPU = Debug|Any CPU
		Release|Any CPU = Release|Any CPU
	EndGlobalSection
	GlobalSection(ProjectConfigurationPlatforms) = postSolution
		{0ED047DB-C771-45AA-AC5C-4345F13A7CCD}.Debug|Any CPU.ActiveCfg = Debug|Any CPU
		{0ED047DB-C771-45AA-AC5C-4345F13A7CCD}.Debug|Any CPU.Build.0 = Debug|Any CPU
		{0ED047DB-C771-45AA-AC5C-4345F13A7CCD}.Release|Any CPU.ActiveCfg = Release|Any CPU
		{0ED047DB-C771-45AA-AC5C-4345F13A7CCD}.Release|Any CPU.Build.0 = Release|Any CPU
		{6FD0091E-2EB2-455D-8FAA-36472FBEBAEB}.Debug|Any CPU.ActiveCfg = Debug|Any CPU
		{6FD0091E-2EB2-455D-8FAA-36472FBEBAEB}.Debug|Any CPU.Build.0 = Debug|Any CPU
		{6FD0091E-2EB2-455D-8FAA-36472FBEBAEB}.Release|Any CPU.ActiveCfg = Release|Any CPU
		{6FD0091E-2EB2-455D-8FAA-36472FBEBAEB}.Release|Any CPU.Build.0 = Release|Any CPU
	EndGlobalSection
	GlobalSection(SolutionProperties) = preSolution
		HideSolutionNode = FALSE
	EndGlobalSection
	GlobalSection(ExtensibilityGlobals) = postSolution
		SolutionGuid = {93709EF7-F0D3-46FE-8D53-BACF4715E0BF}
	EndGlobalSection
EndGlobal
